
Microsoft Visual Studio Solution File, Format Version 12.00
# Visual Studio Version 17
VisualStudioVersion = 17.2.32616.157
MinimumVisualStudioVersion = 10.0.40219.1
Project("{E24C65DC-7377-472B-9ABA-BC803B73C61A}") = "WebSite", ".", "{36D32ECD-A9DC-44AD-A497-6875E96018DA}"
	ProjectSection(WebsiteProperties) = preProject
		TargetFrameworkMoniker = ".NETFramework,Version%3Dv4.7.2"
		Debug.AspNetCompiler.VirtualPath = "/localhost_62676"
		Debug.AspNetCompiler.PhysicalPath = "..\WebSite\"
		Debug.AspNetCompiler.TargetPath = "PrecompiledWeb\localhost_62676\"
		Debug.AspNetCompiler.Updateable = "true"
		Debug.AspNetCompiler.ForceOverwrite = "true"
		Debug.AspNetCompiler.FixedNames = "false"
		Debug.AspNetCompiler.Debug = "True"
		Release.AspNetCompiler.VirtualPath = "/localhost_62676"
		Release.AspNetCompiler.PhysicalPath = "..\WebSite\"
		Release.AspNetCompiler.TargetPath = "PrecompiledWeb\localhost_62676\"
		Release.AspNetCompiler.Updateable = "true"
		Release.AspNetCompiler.ForceOverwrite = "true"
		Release.AspNetCompiler.FixedNames = "false"
		Release.AspNetCompiler.Debug = "False"
		VWDPort = "62676"
		SlnRelativePath = "..\WebSite\"
		DefaultWebSiteLanguage = "Visual C#"
	EndProjectSection
EndProject
Global
	GlobalSection(SolutionConfigurationPlatforms) = preSolution
		Debug|Any CPU = Debug|Any CPU
	EndGlobalSection
	GlobalSection(ProjectConfigurationPlatforms) = postSolution
		{36D32ECD-A9DC-44AD-A497-6875E96018DA}.Debug|Any CPU.ActiveCfg = Debug|Any CPU
		{36D32ECD-A9DC-44AD-A497-6875E96018DA}.Debug|Any CPU.Build.0 = Debug|Any CPU
	EndGlobalSection
	GlobalSection(SolutionProperties) = preSolution
		HideSolutionNode = FALSE
	EndGlobalSection
	GlobalSection(ExtensibilityGlobals) = postSolution
		SolutionGuid = {BC6072CB-F0D8-4962-A862-DF45FB005853}
	EndGlobalSection
EndGlobal
